
Microsoft Visual Studio Solution File, Format Version 12.00
# Visual Studio 15
VisualStudioVersion = 15.0.28010.2003
MinimumVisualStudioVersion = 10.0.40219.1
Project("{FAE04EC0-301F-11D3-BF4B-00C04F79EFBC}") = "StringEncrypt", "StringEncrypt\StringEncrypt.csproj", "{F112261B-3178-49B0-96E4-CBA2C652F4B6}"
EndProject
Project("{FAE04EC0-301F-11D3-BF4B-00C04F79EFBC}") = "StringEncryptTest", "StringEncryptTest\StringEncryptTest.csproj", "{B5248A30-6A0E-4793-AFCF-1AB82929C1D9}"
EndProject
Global
	GlobalSection(SolutionConfigurationPlatforms) = preSolution
		Debug|Any CPU = Debug|Any CPU
		Release|Any CPU = Release|Any CPU
	EndGlobalSection
	GlobalSection(ProjectConfigurationPlatforms) = postSolution
		{F112261B-3178-49B0-96E4-CBA2C652F4B6}.Debug|Any CPU.ActiveCfg = Debug|Any CPU
		{F112261B-3178-49B0-96E4-CBA2C652F4B6}.Debug|Any CPU.Build.0 = Debug|Any CPU
		{F112261B-3178-49B0-96E4-CBA2C652F4B6}.Release|Any CPU.ActiveCfg = Release|Any CPU
		{F112261B-3178-49B0-96E4-CBA2C652F4B6}.Release|Any CPU.Build.0 = Release|Any CPU
		{B5248A30-6A0E-4793-AFCF-1AB82929C1D9}.Debug|Any CPU.ActiveCfg = Debug|Any CPU
		{B5248A30-6A0E-4793-AFCF-1AB82929C1D9}.Debug|Any CPU.Build.0 = Debug|Any CPU
		{B5248A30-6A0E-4793-AFCF-1AB82929C1D9}.Release|Any CPU.ActiveCfg = Release|Any CPU
		{B5248A30-6A0E-4793-AFCF-1AB82929C1D9}.Release|Any CPU.Build.0 = Release|Any CPU
	EndGlobalSection
	GlobalSection(SolutionProperties) = preSolution
		HideSolutionNode = FALSE
	EndGlobalSection
	GlobalSection(ExtensibilityGlobals) = postSolution
		SolutionGuid = {5EC69460-66C5-4C97-B914-753B796AC8F9}
	EndGlobalSection
EndGlobal
